// !$*UTF8*$!
{
	archiveVersion = 1;
	classes = {
	};
	objectVersion = 56;
	objects = {

/* Begin PBXBuildFile section */
		7E04350929544485005187E8 /* GoogleService-Info.plist in Resources */ = {isa = PBXBuildFile; fileRef = 7E04350829544485005187E8 /* GoogleService-Info.plist */; };
		7E04350B2954454C005187E8 /* CompanyModel.swift in Sources */ = {isa = PBXBuildFile; fileRef = 7E04350A2954454C005187E8 /* CompanyModel.swift */; };
		7E04351129544648005187E8 /* CompanyService.swift in Sources */ = {isa = PBXBuildFile; fileRef = 7E04350D29544648005187E8 /* CompanyService.swift */; };
		7E04351229544648005187E8 /* TrackingInfoService.swift in Sources */ = {isa = PBXBuildFile; fileRef = 7E04350E29544648005187E8 /* TrackingInfoService.swift */; };
		7E04351329544648005187E8 /* NetworkManager.swift in Sources */ = {isa = PBXBuildFile; fileRef = 7E04351029544648005187E8 /* NetworkManager.swift */; };
		7E043515295446F5005187E8 /* AddTrackingNumberView.swift in Sources */ = {isa = PBXBuildFile; fileRef = 7E043514295446F5005187E8 /* AddTrackingNumberView.swift */; };
		7E04351729544845005187E8 /* CompanyView.swift in Sources */ = {isa = PBXBuildFile; fileRef = 7E04351629544845005187E8 /* CompanyView.swift */; };
		AD1ADDCE2952477300545DB7 /* MemberShipAgreementView.swift in Sources */ = {isa = PBXBuildFile; fileRef = AD1ADDCD2952477300545DB7 /* MemberShipAgreementView.swift */; };
		AD1ADDD029531EC600545DB7 /* SignUpView.swift in Sources */ = {isa = PBXBuildFile; fileRef = AD1ADDCF29531EC600545DB7 /* SignUpView.swift */; };
		AD1ADDD2295331C800545DB7 /* ProfileView.swift in Sources */ = {isa = PBXBuildFile; fileRef = AD1ADDD1295331C800545DB7 /* ProfileView.swift */; };
		AD1ADDD42953326C00545DB7 /* UserData.swift in Sources */ = {isa = PBXBuildFile; fileRef = AD1ADDD32953326C00545DB7 /* UserData.swift */; };
		ADE0F38D2934515F005D2732 /* PackServiceApp.swift in Sources */ = {isa = PBXBuildFile; fileRef = ADE0F38C2934515F005D2732 /* PackServiceApp.swift */; };
		ADE0F38F2934515F005D2732 /* ContentView.swift in Sources */ = {isa = PBXBuildFile; fileRef = ADE0F38E2934515F005D2732 /* ContentView.swift */; };
		ADE0F39129345160005D2732 /* Assets.xcassets in Resources */ = {isa = PBXBuildFile; fileRef = ADE0F39029345160005D2732 /* Assets.xcassets */; };
		ADE0F39429345160005D2732 /* Preview Assets.xcassets in Resources */ = {isa = PBXBuildFile; fileRef = ADE0F39329345160005D2732 /* Preview Assets.xcassets */; };
		ADE0F39C29345269005D2732 /* KakaoSDK in Frameworks */ = {isa = PBXBuildFile; productRef = ADE0F39B29345269005D2732 /* KakaoSDK */; };
		ADE0F39E29345269005D2732 /* KakaoSDKAuth in Frameworks */ = {isa = PBXBuildFile; productRef = ADE0F39D29345269005D2732 /* KakaoSDKAuth */; };
		ADE0F3A029345269005D2732 /* KakaoSDKCommon in Frameworks */ = {isa = PBXBuildFile; productRef = ADE0F39F29345269005D2732 /* KakaoSDKCommon */; };
		ADE0F3A229345269005D2732 /* KakaoSDKCommonCore in Frameworks */ = {isa = PBXBuildFile; productRef = ADE0F3A129345269005D2732 /* KakaoSDKCommonCore */; };
		ADE0F3A429345269005D2732 /* KakaoSDKNavi in Frameworks */ = {isa = PBXBuildFile; productRef = ADE0F3A329345269005D2732 /* KakaoSDKNavi */; };
		ADE0F3A629345269005D2732 /* KakaoSDKShare in Frameworks */ = {isa = PBXBuildFile; productRef = ADE0F3A529345269005D2732 /* KakaoSDKShare */; };
		ADE0F3A829345269005D2732 /* KakaoSDKStory in Frameworks */ = {isa = PBXBuildFile; productRef = ADE0F3A729345269005D2732 /* KakaoSDKStory */; };
		ADE0F3AA29345269005D2732 /* KakaoSDKTalk in Frameworks */ = {isa = PBXBuildFile; productRef = ADE0F3A929345269005D2732 /* KakaoSDKTalk */; };
		ADE0F3AC29345269005D2732 /* KakaoSDKTemplate in Frameworks */ = {isa = PBXBuildFile; productRef = ADE0F3AB29345269005D2732 /* KakaoSDKTemplate */; };
		ADE0F3AE29345269005D2732 /* KakaoSDKUser in Frameworks */ = {isa = PBXBuildFile; productRef = ADE0F3AD29345269005D2732 /* KakaoSDKUser */; };
		ADE0F3B729345618005D2732 /* AppDelegate.swift in Sources */ = {isa = PBXBuildFile; fileRef = ADE0F3B629345618005D2732 /* AppDelegate.swift */; };
		ADE0F3B92934588C005D2732 /* SceneDelegate.swift in Sources */ = {isa = PBXBuildFile; fileRef = ADE0F3B82934588C005D2732 /* SceneDelegate.swift */; };
		ADE0F3BB2934683D005D2732 /* LoginView.swift in Sources */ = {isa = PBXBuildFile; fileRef = ADE0F3BA2934683D005D2732 /* LoginView.swift */; };
		ADE0F3BD2935BCC1005D2732 /* KakaoAuthVM.swift in Sources */ = {isa = PBXBuildFile; fileRef = ADE0F3BC2935BCC1005D2732 /* KakaoAuthVM.swift */; };
		ADE0F3C32935CE13005D2732 /* FirebaseAuth in Frameworks */ = {isa = PBXBuildFile; productRef = ADE0F3C22935CE13005D2732 /* FirebaseAuth */; };
		ADE0F3C62935CEBE005D2732 /* GoogleSignIn in Frameworks */ = {isa = PBXBuildFile; productRef = ADE0F3C52935CEBE005D2732 /* GoogleSignIn */; };
		ADE0F3C82935CEBE005D2732 /* GoogleSignInSwift in Frameworks */ = {isa = PBXBuildFile; productRef = ADE0F3C72935CEBE005D2732 /* GoogleSignInSwift */; };
		ADE0F3CF2935F97D005D2732 /* HomeView.swift in Sources */ = {isa = PBXBuildFile; fileRef = ADE0F3CE2935F97D005D2732 /* HomeView.swift */; };
		ADE0F3D12935F99F005D2732 /* AppleAuthVM.swift in Sources */ = {isa = PBXBuildFile; fileRef = ADE0F3D02935F99F005D2732 /* AppleAuthVM.swift */; };
		ADFBE39229366F5E00D45B42 /* FirebaseAuthCombine-Community in Frameworks */ = {isa = PBXBuildFile; productRef = ADFBE39129366F5E00D45B42 /* FirebaseAuthCombine-Community */; };
		ADFBE394293677DD00D45B42 /* FirebaseAnalytics in Frameworks */ = {isa = PBXBuildFile; productRef = ADFBE393293677DD00D45B42 /* FirebaseAnalytics */; };
		ADFBE396293677E900D45B42 /* FirebaseFirestore in Frameworks */ = {isa = PBXBuildFile; productRef = ADFBE395293677E900D45B42 /* FirebaseFirestore */; };
		ADFBE398293677F700D45B42 /* FirebaseStorage in Frameworks */ = {isa = PBXBuildFile; productRef = ADFBE397293677F700D45B42 /* FirebaseStorage */; };
		ADFBE39A293679F000D45B42 /* AuthViewModel.swift in Sources */ = {isa = PBXBuildFile; fileRef = ADFBE399293679F000D45B42 /* AuthViewModel.swift */; };
		ADFBE39C29367BF200D45B42 /* FirebaseDatabase in Frameworks */ = {isa = PBXBuildFile; productRef = ADFBE39B29367BF200D45B42 /* FirebaseDatabase */; };
/* End PBXBuildFile section */

/* Begin PBXFileReference section */
		7E04350829544485005187E8 /* GoogleService-Info.plist */ = {isa = PBXFileReference; fileEncoding = 4; lastKnownFileType = text.plist.xml; name = "GoogleService-Info.plist"; path = "../../../Downloads/GoogleService-Info.plist"; sourceTree = "<group>"; };
		7E04350A2954454C005187E8 /* CompanyModel.swift */ = {isa = PBXFileReference; fileEncoding = 4; lastKnownFileType = sourcecode.swift; path = CompanyModel.swift; sourceTree = "<group>"; };
		7E04350D29544648005187E8 /* CompanyService.swift */ = {isa = PBXFileReference; fileEncoding = 4; lastKnownFileType = sourcecode.swift; path = CompanyService.swift; sourceTree = "<group>"; };
		7E04350E29544648005187E8 /* TrackingInfoService.swift */ = {isa = PBXFileReference; fileEncoding = 4; lastKnownFileType = sourcecode.swift; path = TrackingInfoService.swift; sourceTree = "<group>"; };
		7E04351029544648005187E8 /* NetworkManager.swift */ = {isa = PBXFileReference; fileEncoding = 4; lastKnownFileType = sourcecode.swift; path = NetworkManager.swift; sourceTree = "<group>"; };
		7E043514295446F5005187E8 /* AddTrackingNumberView.swift */ = {isa = PBXFileReference; lastKnownFileType = sourcecode.swift; path = AddTrackingNumberView.swift; sourceTree = "<group>"; };
		7E04351629544845005187E8 /* CompanyView.swift */ = {isa = PBXFileReference; fileEncoding = 4; lastKnownFileType = sourcecode.swift; path = CompanyView.swift; sourceTree = "<group>"; };
		AD1ADDCD2952477300545DB7 /* MemberShipAgreementView.swift */ = {isa = PBXFileReference; lastKnownFileType = sourcecode.swift; path = MemberShipAgreementView.swift; sourceTree = "<group>"; };
		AD1ADDCF29531EC600545DB7 /* SignUpView.swift */ = {isa = PBXFileReference; lastKnownFileType = sourcecode.swift; path = SignUpView.swift; sourceTree = "<group>"; };
		AD1ADDD1295331C800545DB7 /* ProfileView.swift */ = {isa = PBXFileReference; lastKnownFileType = sourcecode.swift; path = ProfileView.swift; sourceTree = "<group>"; };
		AD1ADDD32953326C00545DB7 /* UserData.swift */ = {isa = PBXFileReference; lastKnownFileType = sourcecode.swift; path = UserData.swift; sourceTree = "<group>"; };
		ADE0F3892934515F005D2732 /* PackService.app */ = {isa = PBXFileReference; explicitFileType = wrapper.application; includeInIndex = 0; path = PackService.app; sourceTree = BUILT_PRODUCTS_DIR; };
		ADE0F38C2934515F005D2732 /* PackServiceApp.swift */ = {isa = PBXFileReference; lastKnownFileType = sourcecode.swift; path = PackServiceApp.swift; sourceTree = "<group>"; };
		ADE0F38E2934515F005D2732 /* ContentView.swift */ = {isa = PBXFileReference; lastKnownFileType = sourcecode.swift; path = ContentView.swift; sourceTree = "<group>"; };
		ADE0F39029345160005D2732 /* Assets.xcassets */ = {isa = PBXFileReference; lastKnownFileType = folder.assetcatalog; path = Assets.xcassets; sourceTree = "<group>"; };
		ADE0F39329345160005D2732 /* Preview Assets.xcassets */ = {isa = PBXFileReference; lastKnownFileType = folder.assetcatalog; path = "Preview Assets.xcassets"; sourceTree = "<group>"; };
		ADE0F3AF293452E5005D2732 /* Info.plist */ = {isa = PBXFileReference; lastKnownFileType = text.plist; path = Info.plist; sourceTree = "<group>"; };
		ADE0F3B02934539D005D2732 /* Config.xcconfig */ = {isa = PBXFileReference; lastKnownFileType = text.xcconfig; path = Config.xcconfig; sourceTree = "<group>"; };
		ADE0F3B629345618005D2732 /* AppDelegate.swift */ = {isa = PBXFileReference; lastKnownFileType = sourcecode.swift; path = AppDelegate.swift; sourceTree = "<group>"; };
		ADE0F3B82934588C005D2732 /* SceneDelegate.swift */ = {isa = PBXFileReference; lastKnownFileType = sourcecode.swift; path = SceneDelegate.swift; sourceTree = "<group>"; };
		ADE0F3BA2934683D005D2732 /* LoginView.swift */ = {isa = PBXFileReference; lastKnownFileType = sourcecode.swift; path = LoginView.swift; sourceTree = "<group>"; };
		ADE0F3BC2935BCC1005D2732 /* KakaoAuthVM.swift */ = {isa = PBXFileReference; lastKnownFileType = sourcecode.swift; path = KakaoAuthVM.swift; sourceTree = "<group>"; };
		ADE0F3CD2935F73D005D2732 /* PackService.entitlements */ = {isa = PBXFileReference; lastKnownFileType = text.plist.entitlements; path = PackService.entitlements; sourceTree = "<group>"; };
		ADE0F3CE2935F97D005D2732 /* HomeView.swift */ = {isa = PBXFileReference; lastKnownFileType = sourcecode.swift; path = HomeView.swift; sourceTree = "<group>"; };
		ADE0F3D02935F99F005D2732 /* AppleAuthVM.swift */ = {isa = PBXFileReference; lastKnownFileType = sourcecode.swift; path = AppleAuthVM.swift; sourceTree = "<group>"; };
		ADFBE399293679F000D45B42 /* AuthViewModel.swift */ = {isa = PBXFileReference; lastKnownFileType = sourcecode.swift; path = AuthViewModel.swift; sourceTree = "<group>"; };
/* End PBXFileReference section */

/* Begin PBXFrameworksBuildPhase section */
		ADE0F3862934515F005D2732 /* Frameworks */ = {
			isa = PBXFrameworksBuildPhase;
			buildActionMask = 2147483647;
			files = (
				ADE0F39C29345269005D2732 /* KakaoSDK in Frameworks */,
				ADE0F3AA29345269005D2732 /* KakaoSDKTalk in Frameworks */,
				ADE0F3A229345269005D2732 /* KakaoSDKCommonCore in Frameworks */,
				ADE0F3A429345269005D2732 /* KakaoSDKNavi in Frameworks */,
				ADE0F3A829345269005D2732 /* KakaoSDKStory in Frameworks */,
				ADFBE396293677E900D45B42 /* FirebaseFirestore in Frameworks */,
				ADFBE39C29367BF200D45B42 /* FirebaseDatabase in Frameworks */,
				ADE0F3C82935CEBE005D2732 /* GoogleSignInSwift in Frameworks */,
				ADE0F3C62935CEBE005D2732 /* GoogleSignIn in Frameworks */,
				ADE0F3AC29345269005D2732 /* KakaoSDKTemplate in Frameworks */,
				ADFBE394293677DD00D45B42 /* FirebaseAnalytics in Frameworks */,
				ADE0F3A029345269005D2732 /* KakaoSDKCommon in Frameworks */,
				ADE0F3C32935CE13005D2732 /* FirebaseAuth in Frameworks */,
				ADFBE398293677F700D45B42 /* FirebaseStorage in Frameworks */,
				ADE0F39E29345269005D2732 /* KakaoSDKAuth in Frameworks */,
				ADE0F3AE29345269005D2732 /* KakaoSDKUser in Frameworks */,
				ADE0F3A629345269005D2732 /* KakaoSDKShare in Frameworks */,
				ADFBE39229366F5E00D45B42 /* FirebaseAuthCombine-Community in Frameworks */,
			);
			runOnlyForDeploymentPostprocessing = 0;
		};
/* End PBXFrameworksBuildPhase section */

/* Begin PBXGroup section */
		7E04350C29544648005187E8 /* Service */ = {
			isa = PBXGroup;
			children = (
				7E04350D29544648005187E8 /* CompanyService.swift */,
				7E04350E29544648005187E8 /* TrackingInfoService.swift */,
			);
			path = Service;
			sourceTree = "<group>";
		};
		7E04350F29544648005187E8 /* Utility */ = {
			isa = PBXGroup;
			children = (
				7E04351029544648005187E8 /* NetworkManager.swift */,
			);
			path = Utility;
			sourceTree = "<group>";
		};
		ADE0F3802934515F005D2732 = {
			isa = PBXGroup;
			children = (
				ADE0F38B2934515F005D2732 /* PackService */,
				ADE0F38A2934515F005D2732 /* Products */,
				ADFBE38C29366F4A00D45B42 /* Frameworks */,
			);
			sourceTree = "<group>";
		};
		ADE0F38A2934515F005D2732 /* Products */ = {
			isa = PBXGroup;
			children = (
				ADE0F3892934515F005D2732 /* PackService.app */,
			);
			name = Products;
			sourceTree = "<group>";
		};
		ADE0F38B2934515F005D2732 /* PackService */ = {
			isa = PBXGroup;
			children = (
				7E04350829544485005187E8 /* GoogleService-Info.plist */,
				ADE0F3CD2935F73D005D2732 /* PackService.entitlements */,
				ADE0F3B3293455D4005D2732 /* Model */,
				ADE0F3B1293455C1005D2732 /* View */,
				ADE0F3B2293455C7005D2732 /* ViewModel */,
				7E04350C29544648005187E8 /* Service */,
				7E04350F29544648005187E8 /* Utility */,
				ADE0F3AF293452E5005D2732 /* Info.plist */,
				ADE0F38C2934515F005D2732 /* PackServiceApp.swift */,
				ADE0F39029345160005D2732 /* Assets.xcassets */,
				ADE0F39229345160005D2732 /* Preview Content */,
				ADE0F3B02934539D005D2732 /* Config.xcconfig */,
				ADE0F3B629345618005D2732 /* AppDelegate.swift */,
				ADE0F3B82934588C005D2732 /* SceneDelegate.swift */,
			);
			path = PackService;
			sourceTree = "<group>";
		};
		ADE0F39229345160005D2732 /* Preview Content */ = {
			isa = PBXGroup;
			children = (
				ADE0F39329345160005D2732 /* Preview Assets.xcassets */,
			);
			path = "Preview Content";
			sourceTree = "<group>";
		};
		ADE0F3B1293455C1005D2732 /* View */ = {
			isa = PBXGroup;
			children = (
				ADE0F38E2934515F005D2732 /* ContentView.swift */,
				ADE0F3BA2934683D005D2732 /* LoginView.swift */,
				7E04351629544845005187E8 /* CompanyView.swift */,
				ADE0F3CE2935F97D005D2732 /* HomeView.swift */,
				AD1ADDCD2952477300545DB7 /* MemberShipAgreementView.swift */,
				AD1ADDCF29531EC600545DB7 /* SignUpView.swift */,
				AD1ADDD1295331C800545DB7 /* ProfileView.swift */,
				7E043514295446F5005187E8 /* AddTrackingNumberView.swift */,
			);
			path = View;
			sourceTree = "<group>";
		};
		ADE0F3B2293455C7005D2732 /* ViewModel */ = {
			isa = PBXGroup;
			children = (
				ADE0F3BC2935BCC1005D2732 /* KakaoAuthVM.swift */,
				ADE0F3D02935F99F005D2732 /* AppleAuthVM.swift */,
				ADFBE399293679F000D45B42 /* AuthViewModel.swift */,
			);
			path = ViewModel;
			sourceTree = "<group>";
		};
		ADE0F3B3293455D4005D2732 /* Model */ = {
			isa = PBXGroup;
			children = (
				AD1ADDD32953326C00545DB7 /* UserData.swift */,
				7E04350A2954454C005187E8 /* CompanyModel.swift */,
			);
			path = Model;
			sourceTree = "<group>";
		};
		ADFBE38C29366F4A00D45B42 /* Frameworks */ = {
			isa = PBXGroup;
			children = (
			);
			name = Frameworks;
			sourceTree = "<group>";
		};
/* End PBXGroup section */

/* Begin PBXNativeTarget section */
		ADE0F3882934515F005D2732 /* PackService */ = {
			isa = PBXNativeTarget;
			buildConfigurationList = ADE0F39729345160005D2732 /* Build configuration list for PBXNativeTarget "PackService" */;
			buildPhases = (
				ADE0F3852934515F005D2732 /* Sources */,
				ADE0F3862934515F005D2732 /* Frameworks */,
				ADE0F3872934515F005D2732 /* Resources */,
			);
			buildRules = (
			);
			dependencies = (
			);
			name = PackService;
			packageProductDependencies = (
				ADE0F39B29345269005D2732 /* KakaoSDK */,
				ADE0F39D29345269005D2732 /* KakaoSDKAuth */,
				ADE0F39F29345269005D2732 /* KakaoSDKCommon */,
				ADE0F3A129345269005D2732 /* KakaoSDKCommonCore */,
				ADE0F3A329345269005D2732 /* KakaoSDKNavi */,
				ADE0F3A529345269005D2732 /* KakaoSDKShare */,
				ADE0F3A729345269005D2732 /* KakaoSDKStory */,
				ADE0F3A929345269005D2732 /* KakaoSDKTalk */,
				ADE0F3AB29345269005D2732 /* KakaoSDKTemplate */,
				ADE0F3AD29345269005D2732 /* KakaoSDKUser */,
				ADE0F3C22935CE13005D2732 /* FirebaseAuth */,
				ADE0F3C52935CEBE005D2732 /* GoogleSignIn */,
				ADE0F3C72935CEBE005D2732 /* GoogleSignInSwift */,
				ADFBE39129366F5E00D45B42 /* FirebaseAuthCombine-Community */,
				ADFBE393293677DD00D45B42 /* FirebaseAnalytics */,
				ADFBE395293677E900D45B42 /* FirebaseFirestore */,
				ADFBE397293677F700D45B42 /* FirebaseStorage */,
				ADFBE39B29367BF200D45B42 /* FirebaseDatabase */,
			);
			productName = PackService;
			productReference = ADE0F3892934515F005D2732 /* PackService.app */;
			productType = "com.apple.product-type.application";
		};
/* End PBXNativeTarget section */

/* Begin PBXProject section */
		ADE0F3812934515F005D2732 /* Project object */ = {
			isa = PBXProject;
			attributes = {
				BuildIndependentTargetsInParallel = 1;
				LastSwiftUpdateCheck = 1410;
				LastUpgradeCheck = 1410;
				ORGANIZATIONNAME = "";
				TargetAttributes = {
					ADE0F3882934515F005D2732 = {
						CreatedOnToolsVersion = 14.1;
					};
				};
			};
			buildConfigurationList = ADE0F3842934515F005D2732 /* Build configuration list for PBXProject "PackService" */;
			compatibilityVersion = "Xcode 14.0";
			developmentRegion = en;
			hasScannedForEncodings = 0;
			knownRegions = (
				en,
				Base,
			);
			mainGroup = ADE0F3802934515F005D2732;
			packageReferences = (
				ADE0F39A29345269005D2732 /* XCRemoteSwiftPackageReference "kakao-ios-sdk" */,
				ADE0F3C12935CE13005D2732 /* XCRemoteSwiftPackageReference "firebase-ios-sdk" */,
				ADE0F3C42935CEBE005D2732 /* XCRemoteSwiftPackageReference "GoogleSignIn-iOS" */,
			);
			productRefGroup = ADE0F38A2934515F005D2732 /* Products */;
			projectDirPath = "";
			projectRoot = "";
			targets = (
				ADE0F3882934515F005D2732 /* PackService */,
			);
		};
/* End PBXProject section */

/* Begin PBXResourcesBuildPhase section */
		ADE0F3872934515F005D2732 /* Resources */ = {
			isa = PBXResourcesBuildPhase;
			buildActionMask = 2147483647;
			files = (
				ADE0F39429345160005D2732 /* Preview Assets.xcassets in Resources */,
				ADE0F39129345160005D2732 /* Assets.xcassets in Resources */,
				7E04350929544485005187E8 /* GoogleService-Info.plist in Resources */,
			);
			runOnlyForDeploymentPostprocessing = 0;
		};
/* End PBXResourcesBuildPhase section */

/* Begin PBXSourcesBuildPhase section */
		ADE0F3852934515F005D2732 /* Sources */ = {
			isa = PBXSourcesBuildPhase;
			buildActionMask = 2147483647;
			files = (
				AD1ADDD42953326C00545DB7 /* UserData.swift in Sources */,
				ADE0F3B729345618005D2732 /* AppDelegate.swift in Sources */,
				7E043515295446F5005187E8 /* AddTrackingNumberView.swift in Sources */,
				ADE0F3CF2935F97D005D2732 /* HomeView.swift in Sources */,
				7E04350B2954454C005187E8 /* CompanyModel.swift in Sources */,
				7E04351229544648005187E8 /* TrackingInfoService.swift in Sources */,
				7E04351729544845005187E8 /* CompanyView.swift in Sources */,
				AD1ADDD029531EC600545DB7 /* SignUpView.swift in Sources */,
				ADE0F38F2934515F005D2732 /* ContentView.swift in Sources */,
				AD1ADDD2295331C800545DB7 /* ProfileView.swift in Sources */,
				7E04351129544648005187E8 /* CompanyService.swift in Sources */,
				ADE0F3D12935F99F005D2732 /* AppleAuthVM.swift in Sources */,
				7E04351329544648005187E8 /* NetworkManager.swift in Sources */,
				ADE0F38D2934515F005D2732 /* PackServiceApp.swift in Sources */,
				ADE0F3BB2934683D005D2732 /* LoginView.swift in Sources */,
				ADE0F3BD2935BCC1005D2732 /* KakaoAuthVM.swift in Sources */,
				ADFBE39A293679F000D45B42 /* AuthViewModel.swift in Sources */,
				ADE0F3B92934588C005D2732 /* SceneDelegate.swift in Sources */,
				AD1ADDCE2952477300545DB7 /* MemberShipAgreementView.swift in Sources */,
			);
			runOnlyForDeploymentPostprocessing = 0;
		};
/* End PBXSourcesBuildPhase section */

/* Begin XCBuildConfiguration section */
		ADE0F39529345160005D2732 /* Debug */ = {
			isa = XCBuildConfiguration;
			baseConfigurationReference = ADE0F3B02934539D005D2732 /* Config.xcconfig */;
			buildSettings = {
				ALWAYS_SEARCH_USER_PATHS = NO;
				CLANG_ANALYZER_NONNULL = YES;
				CLANG_ANALYZER_NUMBER_OBJECT_CONVERSION = YES_AGGRESSIVE;
				CLANG_CXX_LANGUAGE_STANDARD = "gnu++20";
				CLANG_ENABLE_MODULES = YES;
				CLANG_ENABLE_OBJC_ARC = YES;
				CLANG_ENABLE_OBJC_WEAK = YES;
				CLANG_WARN_BLOCK_CAPTURE_AUTORELEASING = YES;
				CLANG_WARN_BOOL_CONVERSION = YES;
				CLANG_WARN_COMMA = YES;
				CLANG_WARN_CONSTANT_CONVERSION = YES;
				CLANG_WARN_DEPRECATED_OBJC_IMPLEMENTATIONS = YES;
				CLANG_WARN_DIRECT_OBJC_ISA_USAGE = YES_ERROR;
				CLANG_WARN_DOCUMENTATION_COMMENTS = YES;
				CLANG_WARN_EMPTY_BODY = YES;
				CLANG_WARN_ENUM_CONVERSION = YES;
				CLANG_WARN_INFINITE_RECURSION = YES;
				CLANG_WARN_INT_CONVERSION = YES;
				CLANG_WARN_NON_LITERAL_NULL_CONVERSION = YES;
				CLANG_WARN_OBJC_IMPLICIT_RETAIN_SELF = YES;
				CLANG_WARN_OBJC_LITERAL_CONVERSION = YES;
				CLANG_WARN_OBJC_ROOT_CLASS = YES_ERROR;
				CLANG_WARN_QUOTED_INCLUDE_IN_FRAMEWORK_HEADER = YES;
				CLANG_WARN_RANGE_LOOP_ANALYSIS = YES;
				CLANG_WARN_STRICT_PROTOTYPES = YES;
				CLANG_WARN_SUSPICIOUS_MOVE = YES;
				CLANG_WARN_UNGUARDED_AVAILABILITY = YES_AGGRESSIVE;
				CLANG_WARN_UNREACHABLE_CODE = YES;
				CLANG_WARN__DUPLICATE_METHOD_MATCH = YES;
				COPY_PHASE_STRIP = NO;
				DEBUG_INFORMATION_FORMAT = dwarf;
				ENABLE_STRICT_OBJC_MSGSEND = YES;
				ENABLE_TESTABILITY = YES;
				GCC_C_LANGUAGE_STANDARD = gnu11;
				GCC_DYNAMIC_NO_PIC = NO;
				GCC_NO_COMMON_BLOCKS = YES;
				GCC_OPTIMIZATION_LEVEL = 0;
				GCC_PREPROCESSOR_DEFINITIONS = (
					"DEBUG=1",
					"$(inherited)",
				);
				GCC_WARN_64_TO_32_BIT_CONVERSION = YES;
				GCC_WARN_ABOUT_RETURN_TYPE = YES_ERROR;
				GCC_WARN_UNDECLARED_SELECTOR = YES;
				GCC_WARN_UNINITIALIZED_AUTOS = YES_AGGRESSIVE;
				GCC_WARN_UNUSED_FUNCTION = YES;
				GCC_WARN_UNUSED_VARIABLE = YES;
				IPHONEOS_DEPLOYMENT_TARGET = 16.1;
				MTL_ENABLE_DEBUG_INFO = INCLUDE_SOURCE;
				MTL_FAST_MATH = YES;
				ONLY_ACTIVE_ARCH = YES;
				SDKROOT = iphoneos;
				SWIFT_ACTIVE_COMPILATION_CONDITIONS = DEBUG;
				SWIFT_OPTIMIZATION_LEVEL = "-Onone";
			};
			name = Debug;
		};
		ADE0F39629345160005D2732 /* Release */ = {
			isa = XCBuildConfiguration;
			baseConfigurationReference = ADE0F3B02934539D005D2732 /* Config.xcconfig */;
			buildSettings = {
				ALWAYS_SEARCH_USER_PATHS = NO;
				CLANG_ANALYZER_NONNULL = YES;
				CLANG_ANALYZER_NUMBER_OBJECT_CONVERSION = YES_AGGRESSIVE;
				CLANG_CXX_LANGUAGE_STANDARD = "gnu++20";
				CLANG_ENABLE_MODULES = YES;
				CLANG_ENABLE_OBJC_ARC = YES;
				CLANG_ENABLE_OBJC_WEAK = YES;
				CLANG_WARN_BLOCK_CAPTURE_AUTORELEASING = YES;
				CLANG_WARN_BOOL_CONVERSION = YES;
				CLANG_WARN_COMMA = YES;
				CLANG_WARN_CONSTANT_CONVERSION = YES;
				CLANG_WARN_DEPRECATED_OBJC_IMPLEMENTATIONS = YES;
				CLANG_WARN_DIRECT_OBJC_ISA_USAGE = YES_ERROR;
				CLANG_WARN_DOCUMENTATION_COMMENTS = YES;
				CLANG_WARN_EMPTY_BODY = YES;
				CLANG_WARN_ENUM_CONVERSION = YES;
				CLANG_WARN_INFINITE_RECURSION = YES;
				CLANG_WARN_INT_CONVERSION = YES;
				CLANG_WARN_NON_LITERAL_NULL_CONVERSION = YES;
				CLANG_WARN_OBJC_IMPLICIT_RETAIN_SELF = YES;
				CLANG_WARN_OBJC_LITERAL_CONVERSION = YES;
				CLANG_WARN_OBJC_ROOT_CLASS = YES_ERROR;
				CLANG_WARN_QUOTED_INCLUDE_IN_FRAMEWORK_HEADER = YES;
				CLANG_WARN_RANGE_LOOP_ANALYSIS = YES;
				CLANG_WARN_STRICT_PROTOTYPES = YES;
				CLANG_WARN_SUSPICIOUS_MOVE = YES;
				CLANG_WARN_UNGUARDED_AVAILABILITY = YES_AGGRESSIVE;
				CLANG_WARN_UNREACHABLE_CODE = YES;
				CLANG_WARN__DUPLICATE_METHOD_MATCH = YES;
				COPY_PHASE_STRIP = NO;
				DEBUG_INFORMATION_FORMAT = "dwarf-with-dsym";
				ENABLE_NS_ASSERTIONS = NO;
				ENABLE_STRICT_OBJC_MSGSEND = YES;
				GCC_C_LANGUAGE_STANDARD = gnu11;
				GCC_NO_COMMON_BLOCKS = YES;
				GCC_WARN_64_TO_32_BIT_CONVERSION = YES;
				GCC_WARN_ABOUT_RETURN_TYPE = YES_ERROR;
				GCC_WARN_UNDECLARED_SELECTOR = YES;
				GCC_WARN_UNINITIALIZED_AUTOS = YES_AGGRESSIVE;
				GCC_WARN_UNUSED_FUNCTION = YES;
				GCC_WARN_UNUSED_VARIABLE = YES;
				IPHONEOS_DEPLOYMENT_TARGET = 16.1;
				MTL_ENABLE_DEBUG_INFO = NO;
				MTL_FAST_MATH = YES;
				SDKROOT = iphoneos;
				SWIFT_COMPILATION_MODE = wholemodule;
				SWIFT_OPTIMIZATION_LEVEL = "-O";
				VALIDATE_PRODUCT = YES;
			};
			name = Release;
		};
		ADE0F39829345160005D2732 /* Debug */ = {
			isa = XCBuildConfiguration;
			baseConfigurationReference = ADE0F3B02934539D005D2732 /* Config.xcconfig */;
			buildSettings = {
				ASSETCATALOG_COMPILER_APPICON_NAME = AppIcon;
				ASSETCATALOG_COMPILER_GLOBAL_ACCENT_COLOR_NAME = AccentColor;
				CODE_SIGN_ENTITLEMENTS = PackService/PackService.entitlements;
				CODE_SIGN_STYLE = Automatic;
				CURRENT_PROJECT_VERSION = 1;
				DEVELOPMENT_ASSET_PATHS = "\"PackService/Preview Content\"";
				DEVELOPMENT_TEAM = 277QUM3J2F;
				ENABLE_PREVIEWS = YES;
				GENERATE_INFOPLIST_FILE = YES;
				INFOPLIST_FILE = PackService/Info.plist;
				INFOPLIST_KEY_UIApplicationSceneManifest_Generation = YES;
				INFOPLIST_KEY_UIApplicationSupportsIndirectInputEvents = YES;
				INFOPLIST_KEY_UILaunchScreen_Generation = YES;
				INFOPLIST_KEY_UISupportedInterfaceOrientations_iPad = "UIInterfaceOrientationPortrait UIInterfaceOrientationPortraitUpsideDown UIInterfaceOrientationLandscapeLeft UIInterfaceOrientationLandscapeRight";
				INFOPLIST_KEY_UISupportedInterfaceOrientations_iPhone = "UIInterfaceOrientationPortrait UIInterfaceOrientationLandscapeLeft UIInterfaceOrientationLandscapeRight";
				LD_RUNPATH_SEARCH_PATHS = (
					"$(inherited)",
					"@executable_path/Frameworks",
				);
				MARKETING_VERSION = 1.0;
				OTHER_LDFLAGS = "-ObjC";
				PRODUCT_BUNDLE_IDENTIFIER = com.Leebumju.PackService;
				PRODUCT_NAME = "$(TARGET_NAME)";
				SWIFT_EMIT_LOC_STRINGS = YES;
				SWIFT_VERSION = 5.0;
				TARGETED_DEVICE_FAMILY = "1,2";
			};
			name = Debug;
		};
		ADE0F39929345160005D2732 /* Release */ = {
			isa = XCBuildConfiguration;
			baseConfigurationReference = ADE0F3B02934539D005D2732 /* Config.xcconfig */;
			buildSettings = {
				ASSETCATALOG_COMPILER_APPICON_NAME = AppIcon;
				ASSETCATALOG_COMPILER_GLOBAL_ACCENT_COLOR_NAME = AccentColor;
				CODE_SIGN_ENTITLEMENTS = PackService/PackService.entitlements;
				CODE_SIGN_STYLE = Automatic;
				CURRENT_PROJECT_VERSION = 1;
				DEVELOPMENT_ASSET_PATHS = "\"PackService/Preview Content\"";
				DEVELOPMENT_TEAM = 277QUM3J2F;
				ENABLE_PREVIEWS = YES;
				GENERATE_INFOPLIST_FILE = YES;
				INFOPLIST_FILE = PackService/Info.plist;
				INFOPLIST_KEY_UIApplicationSceneManifest_Generation = YES;
				INFOPLIST_KEY_UIApplicationSupportsIndirectInputEvents = YES;
				INFOPLIST_KEY_UILaunchScreen_Generation = YES;
				INFOPLIST_KEY_UISupportedInterfaceOrientations_iPad = "UIInterfaceOrientationPortrait UIInterfaceOrientationPortraitUpsideDown UIInterfaceOrientationLandscapeLeft UIInterfaceOrientationLandscapeRight";
				INFOPLIST_KEY_UISupportedInterfaceOrientations_iPhone = "UIInterfaceOrientationPortrait UIInterfaceOrientationLandscapeLeft UIInterfaceOrientationLandscapeRight";
				LD_RUNPATH_SEARCH_PATHS = (
					"$(inherited)",
					"@executable_path/Frameworks",
				);
				MARKETING_VERSION = 1.0;
				OTHER_LDFLAGS = "-ObjC";
				PRODUCT_BUNDLE_IDENTIFIER = com.Leebumju.PackService;
				PRODUCT_NAME = "$(TARGET_NAME)";
				SWIFT_EMIT_LOC_STRINGS = YES;
				SWIFT_VERSION = 5.0;
				TARGETED_DEVICE_FAMILY = "1,2";
			};
			name = Release;
		};
/* End XCBuildConfiguration section */

/* Begin XCConfigurationList section */
		ADE0F3842934515F005D2732 /* Build configuration list for PBXProject "PackService" */ = {
			isa = XCConfigurationList;
			buildConfigurations = (
				ADE0F39529345160005D2732 /* Debug */,
				ADE0F39629345160005D2732 /* Release */,
			);
			defaultConfigurationIsVisible = 0;
			defaultConfigurationName = Release;
		};
		ADE0F39729345160005D2732 /* Build configuration list for PBXNativeTarget "PackService" */ = {
			isa = XCConfigurationList;
			buildConfigurations = (
				ADE0F39829345160005D2732 /* Debug */,
				ADE0F39929345160005D2732 /* Release */,
			);
			defaultConfigurationIsVisible = 0;
			defaultConfigurationName = Release;
		};
/* End XCConfigurationList section */

/* Begin XCRemoteSwiftPackageReference section */
		ADE0F39A29345269005D2732 /* XCRemoteSwiftPackageReference "kakao-ios-sdk" */ = {
			isa = XCRemoteSwiftPackageReference;
			repositoryURL = "https://github.com/kakao/kakao-ios-sdk";
			requirement = {
				branch = master;
				kind = branch;
			};
		};
		ADE0F3C12935CE13005D2732 /* XCRemoteSwiftPackageReference "firebase-ios-sdk" */ = {
			isa = XCRemoteSwiftPackageReference;
			repositoryURL = "https://github.com/firebase/firebase-ios-sdk";
			requirement = {
				branch = master;
				kind = branch;
			};
		};
		ADE0F3C42935CEBE005D2732 /* XCRemoteSwiftPackageReference "GoogleSignIn-iOS" */ = {
			isa = XCRemoteSwiftPackageReference;
			repositoryURL = "https://github.com/google/GoogleSignIn-iOS/";
			requirement = {
				kind = upToNextMajorVersion;
				minimumVersion = 6.0.0;
			};
		};
/* End XCRemoteSwiftPackageReference section */

/* Begin XCSwiftPackageProductDependency section */
		ADE0F39B29345269005D2732 /* KakaoSDK */ = {
			isa = XCSwiftPackageProductDependency;
			package = ADE0F39A29345269005D2732 /* XCRemoteSwiftPackageReference "kakao-ios-sdk" */;
			productName = KakaoSDK;
		};
		ADE0F39D29345269005D2732 /* KakaoSDKAuth */ = {
			isa = XCSwiftPackageProductDependency;
			package = ADE0F39A29345269005D2732 /* XCRemoteSwiftPackageReference "kakao-ios-sdk" */;
			productName = KakaoSDKAuth;
		};
		ADE0F39F29345269005D2732 /* KakaoSDKCommon */ = {
			isa = XCSwiftPackageProductDependency;
			package = ADE0F39A29345269005D2732 /* XCRemoteSwiftPackageReference "kakao-ios-sdk" */;
			productName = KakaoSDKCommon;
		};
		ADE0F3A129345269005D2732 /* KakaoSDKCommonCore */ = {
			isa = XCSwiftPackageProductDependency;
			package = ADE0F39A29345269005D2732 /* XCRemoteSwiftPackageReference "kakao-ios-sdk" */;
			productName = KakaoSDKCommonCore;
		};
		ADE0F3A329345269005D2732 /* KakaoSDKNavi */ = {
			isa = XCSwiftPackageProductDependency;
			package = ADE0F39A29345269005D2732 /* XCRemoteSwiftPackageReference "kakao-ios-sdk" */;
			productName = KakaoSDKNavi;
		};
		ADE0F3A529345269005D2732 /* KakaoSDKShare */ = {
			isa = XCSwiftPackageProductDependency;
			package = ADE0F39A29345269005D2732 /* XCRemoteSwiftPackageReference "kakao-ios-sdk" */;
			productName = KakaoSDKShare;
		};
		ADE0F3A729345269005D2732 /* KakaoSDKStory */ = {
			isa = XCSwiftPackageProductDependency;
			package = ADE0F39A29345269005D2732 /* XCRemoteSwiftPackageReference "kakao-ios-sdk" */;
			productName = KakaoSDKStory;
		};
		ADE0F3A929345269005D2732 /* KakaoSDKTalk */ = {
			isa = XCSwiftPackageProductDependency;
			package = ADE0F39A29345269005D2732 /* XCRemoteSwiftPackageReference "kakao-ios-sdk" */;
			productName = KakaoSDKTalk;
		};
		ADE0F3AB29345269005D2732 /* KakaoSDKTemplate */ = {
			isa = XCSwiftPackageProductDependency;
			package = ADE0F39A29345269005D2732 /* XCRemoteSwiftPackageReference "kakao-ios-sdk" */;
			productName = KakaoSDKTemplate;
		};
		ADE0F3AD29345269005D2732 /* KakaoSDKUser */ = {
			isa = XCSwiftPackageProductDependency;
			package = ADE0F39A29345269005D2732 /* XCRemoteSwiftPackageReference "kakao-ios-sdk" */;
			productName = KakaoSDKUser;
		};
		ADE0F3C22935CE13005D2732 /* FirebaseAuth */ = {
			isa = XCSwiftPackageProductDependency;
			package = ADE0F3C12935CE13005D2732 /* XCRemoteSwiftPackageReference "firebase-ios-sdk" */;
			productName = FirebaseAuth;
		};
		ADE0F3C52935CEBE005D2732 /* GoogleSignIn */ = {
			isa = XCSwiftPackageProductDependency;
			package = ADE0F3C42935CEBE005D2732 /* XCRemoteSwiftPackageReference "GoogleSignIn-iOS" */;
			productName = GoogleSignIn;
		};
		ADE0F3C72935CEBE005D2732 /* GoogleSignInSwift */ = {
			isa = XCSwiftPackageProductDependency;
			package = ADE0F3C42935CEBE005D2732 /* XCRemoteSwiftPackageReference "GoogleSignIn-iOS" */;
			productName = GoogleSignInSwift;
		};
		ADFBE39129366F5E00D45B42 /* FirebaseAuthCombine-Community */ = {
			isa = XCSwiftPackageProductDependency;
			package = ADE0F3C12935CE13005D2732 /* XCRemoteSwiftPackageReference "firebase-ios-sdk" */;
			productName = "FirebaseAuthCombine-Community";
		};
		ADFBE393293677DD00D45B42 /* FirebaseAnalytics */ = {
			isa = XCSwiftPackageProductDependency;
			package = ADE0F3C12935CE13005D2732 /* XCRemoteSwiftPackageReference "firebase-ios-sdk" */;
			productName = FirebaseAnalytics;
		};
		ADFBE395293677E900D45B42 /* FirebaseFirestore */ = {
			isa = XCSwiftPackageProductDependency;
			package = ADE0F3C12935CE13005D2732 /* XCRemoteSwiftPackageReference "firebase-ios-sdk" */;
			productName = FirebaseFirestore;
		};
		ADFBE397293677F700D45B42 /* FirebaseStorage */ = {
			isa = XCSwiftPackageProductDependency;
			package = ADE0F3C12935CE13005D2732 /* XCRemoteSwiftPackageReference "firebase-ios-sdk" */;
			productName = FirebaseStorage;
		};
		ADFBE39B29367BF200D45B42 /* FirebaseDatabase */ = {
			isa = XCSwiftPackageProductDependency;
			package = ADE0F3C12935CE13005D2732 /* XCRemoteSwiftPackageReference "firebase-ios-sdk" */;
			productName = FirebaseDatabase;
		};
/* End XCSwiftPackageProductDependency section */
	};
	rootObject = ADE0F3812934515F005D2732 /* Project object */;
}
